
Microsoft Visual Studio Solution File, Format Version 12.00
# Visual Studio 14
VisualStudioVersion = 14.0.24720.0
MinimumVisualStudioVersion = 10.0.40219.1
Project("{FAE04EC0-301F-11D3-BF4B-00C04F79EFBC}") = "LoveEveryDay", "LoveEveryDay\LoveEveryDay.csproj", "{C52C1B14-E305-4F44-9BD1-9C534EFE8D9F}"
EndProject
Project("{FAE04EC0-301F-11D3-BF4B-00C04F79EFBC}") = "library", "library\library.csproj", "{A9D42803-39C1-4BCD-969A-19AC0BCC09C7}"
EndProject
Project("{2150E333-8FDC-42A3-9474-1A3956D46DE8}") = "类库", "类库", "{4A9E3AA5-3707-437E-A220-8411B8A63F4F}"
EndProject
Project("{FAE04EC0-301F-11D3-BF4B-00C04F79EFBC}") = "FrameworkOfGoodMan", "类库\FrameworkOfGoodMan\FrameworkOfGoodMan.csproj", "{227C7871-7D2C-4737-8242-A112D736D02B}"
EndProject
Project("{FAE04EC0-301F-11D3-BF4B-00C04F79EFBC}") = "TestConsole", "类库\Test\TestConsole.csproj", "{6BF6DBDD-3359-4B78-A24A-534A2EDE5562}"
EndProject
Project("{FAE04EC0-301F-11D3-BF4B-00C04F79EFBC}") = "TestWebForm", "类库\TestWeb\TestWebForm.csproj", "{24AA0B0C-4C62-4083-9CE4-4F0562259189}"
EndProject
Project("{FAE04EC0-301F-11D3-BF4B-00C04F79EFBC}") = "TestWinForm", "类库\TestForm\TestWinForm.csproj", "{579C11A3-6173-42C0-A39F-6B2761FE8F84}"
EndProject
Project("{2150E333-8FDC-42A3-9474-1A3956D46DE8}") = "设计模式", "设计模式", "{A1C8ACE7-07D3-413C-8F41-71DFE0CB0B96}"
EndProject
Project("{FAE04EC0-301F-11D3-BF4B-00C04F79EFBC}") = "Design", "设计模式\Design\Design.csproj", "{6C6FA165-89B6-41BF-B7DE-95E8552AD4F0}"
EndProject
Project("{FAE04EC0-301F-11D3-BF4B-00C04F79EFBC}") = "DesignMethod", "设计模式\DesignMethod\DesignMethod.csproj", "{EADD02C1-97D4-469F-8C33-B52F289CB603}"
EndProject
Project("{2150E333-8FDC-42A3-9474-1A3956D46DE8}") = "我整理的", "我整理的", "{0FE9D91D-67C5-4BA3-AFF3-1948708F7ADA}"
EndProject
Project("{FAE04EC0-301F-11D3-BF4B-00C04F79EFBC}") = "Design", "设计模式\我的整理\Design\Design\Design.csproj", "{0CC48E41-5A9D-46C9-81AC-313B45F1B4A9}"
EndProject
Project("{FAE04EC0-301F-11D3-BF4B-00C04F79EFBC}") = "DesignMethod", "设计模式\我的整理\DesignMethod\DesignMethod.csproj", "{9C07DDC2-C55A-44FB-BDE3-2EB2944D3BCA}"
EndProject
Project("{2150E333-8FDC-42A3-9474-1A3956D46DE8}") = "01 Common 基础结构层", "01 Common 基础结构层", "{4E0FD9D7-D6CC-4A97-A85F-F03917FF9F2E}"
EndProject
Project("{FAE04EC0-301F-11D3-BF4B-00C04F79EFBC}") = "WK.Code", "01 Common 基础结构层\WK.Code\WK.Code.csproj", "{BB719759-977C-4ED6-A8E9-40A180DF5A4A}"
EndProject
Project("{FAE04EC0-301F-11D3-BF4B-00C04F79EFBC}") = "WK.Data", "01 Common 基础结构层\WK.Data\WK.Data.csproj", "{8461276E-E874-409D-9385-EDDE57D4A582}"
EndProject
Project("{2150E333-8FDC-42A3-9474-1A3956D46DE8}") = "04 Web 应用程序", "04 Web 应用程序", "{8A142446-57B3-4F1C-8F17-74E02539D24B}"
EndProject
Project("{2150E333-8FDC-42A3-9474-1A3956D46DE8}") = "测试", "测试", "{C59543EF-FDDA-4D7A-AB75-27328D796B58}"
EndProject
Project("{FAE04EC0-301F-11D3-BF4B-00C04F79EFBC}") = "Dapper.Test", "测试\Dapper.Test\Dapper.Test.csproj", "{08CED64C-634E-4387-8B42-4C0F1739AC1E}"
EndProject
Project("{2150E333-8FDC-42A3-9474-1A3956D46DE8}") = "03 Domain应用服务", "03 Domain应用服务", "{0BC6DAB5-AB4F-4BEC-B94A-CC04A2407AC2}"
EndProject
Project("{FAE04EC0-301F-11D3-BF4B-00C04F79EFBC}") = "WK.Mapping", "03 Domain应用服务\WK.Mapping\WK.Mapping.csproj", "{B7952244-BF4F-4A55-835E-08B17B342DD2}"
EndProject
Project("{FAE04EC0-301F-11D3-BF4B-00C04F79EFBC}") = "WK.Domain", "03 Domain应用服务\WK.Domain\WK.Domain.csproj", "{2515D194-C6F4-4345-9BF7-7D86255887B2}"
EndProject
Project("{FAE04EC0-301F-11D3-BF4B-00C04F79EFBC}") = "WK.Application", "03 Domain应用服务\WK.Application\WK.Application.csproj", "{10F69B4E-3FFC-4EDD-82D6-C5E5C208C1B7}"
EndProject
Project("{FAE04EC0-301F-11D3-BF4B-00C04F79EFBC}") = "WK.Repository", "03 Domain应用服务\WK.Domain\WK.Repository\WK.Repository.csproj", "{566DAE41-489F-4518-8832-F66EF6CF054C}"
EndProject
Project("{FAE04EC0-301F-11D3-BF4B-00C04F79EFBC}") = "WK.Web", "04 Web 应用程序\WK.Web\WK.Web.csproj", "{7515BA27-0223-49B1-B93A-9793E3122A17}"
EndProject
Project("{2150E333-8FDC-42A3-9474-1A3956D46DE8}") = "Demo", "Demo", "{46C4F32F-EAB4-42C5-9BA5-AFD8F644151F}"
EndProject
Project("{FAE04EC0-301F-11D3-BF4B-00C04F79EFBC}") = "BarkDemo", "设计模式\我的整理\DesginDemo\BarkDemo\BarkDemo.csproj", "{EF38A919-F673-427C-B3D0-6E050CAA1074}"
EndProject
Project("{FAE04EC0-301F-11D3-BF4B-00C04F79EFBC}") = "ComandDemo", "设计模式\我的整理\DesginDemo\ComandDemo\ComandDemo.csproj", "{EE5BA025-360C-4331-98FA-CB07FE1A4A62}"
EndProject
Project("{FAE04EC0-301F-11D3-BF4B-00C04F79EFBC}") = "DieDemo", "设计模式\我的整理\DesginDemo\DieDemo\DieDemo.csproj", "{DF9A9D55-D051-4657-8ACA-DAB25752F152}"
EndProject
Project("{FAE04EC0-301F-11D3-BF4B-00C04F79EFBC}") = "MidDemo", "设计模式\我的整理\DesginDemo\MidDemo\MidDemo.csproj", "{9BE48ADD-83C0-4743-BED3-D373A32F3B1C}"
EndProject
Project("{FAE04EC0-301F-11D3-BF4B-00C04F79EFBC}") = "ModelDemo", "设计模式\我的整理\DesginDemo\ModelDemo\ModelDemo.csproj", "{884BA163-DE6B-4C40-8A20-A4D74811BC36}"
EndProject
Project("{FAE04EC0-301F-11D3-BF4B-00C04F79EFBC}") = "ResponsibilityDemo", "设计模式\我的整理\DesginDemo\ResponsibilityDemo\ResponsibilityDemo.csproj", "{D01A2461-AE15-46C4-97E5-E0295829906A}"
EndProject
Project("{FAE04EC0-301F-11D3-BF4B-00C04F79EFBC}") = "StateDemo", "设计模式\我的整理\DesginDemo\StateDemo\StateDemo.csproj", "{FE7D62E9-93DB-43AA-A33A-95D86154E2F8}"
EndProject
Project("{FAE04EC0-301F-11D3-BF4B-00C04F79EFBC}") = "StategyDemo", "设计模式\我的整理\DesginDemo\StategyDemo\StategyDemo.csproj", "{DE24F741-988F-4E9C-AC42-CA0E67A9660A}"
EndProject
Project("{FAE04EC0-301F-11D3-BF4B-00C04F79EFBC}") = "VisitorDemo", "设计模式\我的整理\DesginDemo\VisitorDemo\VisitorDemo.csproj", "{FB0511F9-6BEF-4F1C-94D0-4E6228560C46}"
EndProject
Global
	GlobalSection(SolutionConfigurationPlatforms) = preSolution
		Debug|Any CPU = Debug|Any CPU
		Release|Any CPU = Release|Any CPU
	EndGlobalSection
	GlobalSection(ProjectConfigurationPlatforms) = postSolution
		{C52C1B14-E305-4F44-9BD1-9C534EFE8D9F}.Debug|Any CPU.ActiveCfg = Debug|Any CPU
		{C52C1B14-E305-4F44-9BD1-9C534EFE8D9F}.Debug|Any CPU.Build.0 = Debug|Any CPU
		{C52C1B14-E305-4F44-9BD1-9C534EFE8D9F}.Release|Any CPU.ActiveCfg = Release|Any CPU
		{C52C1B14-E305-4F44-9BD1-9C534EFE8D9F}.Release|Any CPU.Build.0 = Release|Any CPU
		{A9D42803-39C1-4BCD-969A-19AC0BCC09C7}.Debug|Any CPU.ActiveCfg = Debug|Any CPU
		{A9D42803-39C1-4BCD-969A-19AC0BCC09C7}.Debug|Any CPU.Build.0 = Debug|Any CPU
		{A9D42803-39C1-4BCD-969A-19AC0BCC09C7}.Release|Any CPU.ActiveCfg = Release|Any CPU
		{A9D42803-39C1-4BCD-969A-19AC0BCC09C7}.Release|Any CPU.Build.0 = Release|Any CPU
		{227C7871-7D2C-4737-8242-A112D736D02B}.Debug|Any CPU.ActiveCfg = Debug|Any CPU
		{227C7871-7D2C-4737-8242-A112D736D02B}.Debug|Any CPU.Build.0 = Debug|Any CPU
		{227C7871-7D2C-4737-8242-A112D736D02B}.Release|Any CPU.ActiveCfg = Release|Any CPU
		{227C7871-7D2C-4737-8242-A112D736D02B}.Release|Any CPU.Build.0 = Release|Any CPU
		{6BF6DBDD-3359-4B78-A24A-534A2EDE5562}.Debug|Any CPU.ActiveCfg = Debug|Any CPU
		{6BF6DBDD-3359-4B78-A24A-534A2EDE5562}.Debug|Any CPU.Build.0 = Debug|Any CPU
		{6BF6DBDD-3359-4B78-A24A-534A2EDE5562}.Release|Any CPU.ActiveCfg = Release|Any CPU
		{6BF6DBDD-3359-4B78-A24A-534A2EDE5562}.Release|Any CPU.Build.0 = Release|Any CPU
		{24AA0B0C-4C62-4083-9CE4-4F0562259189}.Debug|Any CPU.ActiveCfg = Debug|Any CPU
		{24AA0B0C-4C62-4083-9CE4-4F0562259189}.Debug|Any CPU.Build.0 = Debug|Any CPU
		{24AA0B0C-4C62-4083-9CE4-4F0562259189}.Release|Any CPU.ActiveCfg = Release|Any CPU
		{24AA0B0C-4C62-4083-9CE4-4F0562259189}.Release|Any CPU.Build.0 = Release|Any CPU
		{579C11A3-6173-42C0-A39F-6B2761FE8F84}.Debug|Any CPU.ActiveCfg = Debug|Any CPU
		{579C11A3-6173-42C0-A39F-6B2761FE8F84}.Debug|Any CPU.Build.0 = Debug|Any CPU
		{579C11A3-6173-42C0-A39F-6B2761FE8F84}.Release|Any CPU.ActiveCfg = Release|Any CPU
		{579C11A3-6173-42C0-A39F-6B2761FE8F84}.Release|Any CPU.Build.0 = Release|Any CPU
		{6C6FA165-89B6-41BF-B7DE-95E8552AD4F0}.Debug|Any CPU.ActiveCfg = Debug|Any CPU
		{6C6FA165-89B6-41BF-B7DE-95E8552AD4F0}.Debug|Any CPU.Build.0 = Debug|Any CPU
		{6C6FA165-89B6-41BF-B7DE-95E8552AD4F0}.Release|Any CPU.ActiveCfg = Release|Any CPU
		{6C6FA165-89B6-41BF-B7DE-95E8552AD4F0}.Release|Any CPU.Build.0 = Release|Any CPU
		{EADD02C1-97D4-469F-8C33-B52F289CB603}.Debug|Any CPU.ActiveCfg = Debug|Any CPU
		{EADD02C1-97D4-469F-8C33-B52F289CB603}.Debug|Any CPU.Build.0 = Debug|Any CPU
		{EADD02C1-97D4-469F-8C33-B52F289CB603}.Release|Any CPU.ActiveCfg = Release|Any CPU
		{EADD02C1-97D4-469F-8C33-B52F289CB603}.Release|Any CPU.Build.0 = Release|Any CPU
		{0CC48E41-5A9D-46C9-81AC-313B45F1B4A9}.Debug|Any CPU.ActiveCfg = Debug|Any CPU
		{0CC48E41-5A9D-46C9-81AC-313B45F1B4A9}.Debug|Any CPU.Build.0 = Debug|Any CPU
		{0CC48E41-5A9D-46C9-81AC-313B45F1B4A9}.Release|Any CPU.ActiveCfg = Release|Any CPU
		{0CC48E41-5A9D-46C9-81AC-313B45F1B4A9}.Release|Any CPU.Build.0 = Release|Any CPU
		{9C07DDC2-C55A-44FB-BDE3-2EB2944D3BCA}.Debug|Any CPU.ActiveCfg = Debug|Any CPU
		{9C07DDC2-C55A-44FB-BDE3-2EB2944D3BCA}.Debug|Any CPU.Build.0 = Debug|Any CPU
		{9C07DDC2-C55A-44FB-BDE3-2EB2944D3BCA}.Release|Any CPU.ActiveCfg = Release|Any CPU
		{9C07DDC2-C55A-44FB-BDE3-2EB2944D3BCA}.Release|Any CPU.Build.0 = Release|Any CPU
		{BB719759-977C-4ED6-A8E9-40A180DF5A4A}.Debug|Any CPU.ActiveCfg = Debug|Any CPU
		{BB719759-977C-4ED6-A8E9-40A180DF5A4A}.Debug|Any CPU.Build.0 = Debug|Any CPU
		{BB719759-977C-4ED6-A8E9-40A180DF5A4A}.Release|Any CPU.ActiveCfg = Release|Any CPU
		{BB719759-977C-4ED6-A8E9-40A180DF5A4A}.Release|Any CPU.Build.0 = Release|Any CPU
		{8461276E-E874-409D-9385-EDDE57D4A582}.Debug|Any CPU.ActiveCfg = Debug|Any CPU
		{8461276E-E874-409D-9385-EDDE57D4A582}.Debug|Any CPU.Build.0 = Debug|Any CPU
		{8461276E-E874-409D-9385-EDDE57D4A582}.Release|Any CPU.ActiveCfg = Release|Any CPU
		{8461276E-E874-409D-9385-EDDE57D4A582}.Release|Any CPU.Build.0 = Release|Any CPU
		{08CED64C-634E-4387-8B42-4C0F1739AC1E}.Debug|Any CPU.ActiveCfg = Debug|Any CPU
		{08CED64C-634E-4387-8B42-4C0F1739AC1E}.Debug|Any CPU.Build.0 = Debug|Any CPU
		{08CED64C-634E-4387-8B42-4C0F1739AC1E}.Release|Any CPU.ActiveCfg = Release|Any CPU
		{08CED64C-634E-4387-8B42-4C0F1739AC1E}.Release|Any CPU.Build.0 = Release|Any CPU
		{B7952244-BF4F-4A55-835E-08B17B342DD2}.Debug|Any CPU.ActiveCfg = Debug|Any CPU
		{B7952244-BF4F-4A55-835E-08B17B342DD2}.Debug|Any CPU.Build.0 = Debug|Any CPU
		{B7952244-BF4F-4A55-835E-08B17B342DD2}.Release|Any CPU.ActiveCfg = Release|Any CPU
		{B7952244-BF4F-4A55-835E-08B17B342DD2}.Release|Any CPU.Build.0 = Release|Any CPU
		{2515D194-C6F4-4345-9BF7-7D86255887B2}.Debug|Any CPU.ActiveCfg = Debug|Any CPU
		{2515D194-C6F4-4345-9BF7-7D86255887B2}.Debug|Any CPU.Build.0 = Debug|Any CPU
		{2515D194-C6F4-4345-9BF7-7D86255887B2}.Release|Any CPU.ActiveCfg = Release|Any CPU
		{2515D194-C6F4-4345-9BF7-7D86255887B2}.Release|Any CPU.Build.0 = Release|Any CPU
		{10F69B4E-3FFC-4EDD-82D6-C5E5C208C1B7}.Debug|Any CPU.ActiveCfg = Debug|Any CPU
		{10F69B4E-3FFC-4EDD-82D6-C5E5C208C1B7}.Debug|Any CPU.Build.0 = Debug|Any CPU
		{10F69B4E-3FFC-4EDD-82D6-C5E5C208C1B7}.Release|Any CPU.ActiveCfg = Release|Any CPU
		{10F69B4E-3FFC-4EDD-82D6-C5E5C208C1B7}.Release|Any CPU.Build.0 = Release|Any CPU
		{566DAE41-489F-4518-8832-F66EF6CF054C}.Debug|Any CPU.ActiveCfg = Debug|Any CPU
		{566DAE41-489F-4518-8832-F66EF6CF054C}.Debug|Any CPU.Build.0 = Debug|Any CPU
		{566DAE41-489F-4518-8832-F66EF6CF054C}.Release|Any CPU.ActiveCfg = Release|Any CPU
		{566DAE41-489F-4518-8832-F66EF6CF054C}.Release|Any CPU.Build.0 = Release|Any CPU
		{7515BA27-0223-49B1-B93A-9793E3122A17}.Debug|Any CPU.ActiveCfg = Debug|Any CPU
		{7515BA27-0223-49B1-B93A-9793E3122A17}.Debug|Any CPU.Build.0 = Debug|Any CPU
		{7515BA27-0223-49B1-B93A-9793E3122A17}.Release|Any CPU.ActiveCfg = Release|Any CPU
		{7515BA27-0223-49B1-B93A-9793E3122A17}.Release|Any CPU.Build.0 = Release|Any CPU
		{EF38A919-F673-427C-B3D0-6E050CAA1074}.Debug|Any CPU.ActiveCfg = Debug|Any CPU
		{EF38A919-F673-427C-B3D0-6E050CAA1074}.Debug|Any CPU.Build.0 = Debug|Any CPU
		{EF38A919-F673-427C-B3D0-6E050CAA1074}.Release|Any CPU.ActiveCfg = Release|Any CPU
		{EF38A919-F673-427C-B3D0-6E050CAA1074}.Release|Any CPU.Build.0 = Release|Any CPU
		{EE5BA025-360C-4331-98FA-CB07FE1A4A62}.Debug|Any CPU.ActiveCfg = Debug|Any CPU
		{EE5BA025-360C-4331-98FA-CB07FE1A4A62}.Debug|Any CPU.Build.0 = Debug|Any CPU
		{EE5BA025-360C-4331-98FA-CB07FE1A4A62}.Release|Any CPU.ActiveCfg = Release|Any CPU
		{EE5BA025-360C-4331-98FA-CB07FE1A4A62}.Release|Any CPU.Build.0 = Release|Any CPU
		{DF9A9D55-D051-4657-8ACA-DAB25752F152}.Debug|Any CPU.ActiveCfg = Debug|Any CPU
		{DF9A9D55-D051-4657-8ACA-DAB25752F152}.Debug|Any CPU.Build.0 = Debug|Any CPU
		{DF9A9D55-D051-4657-8ACA-DAB25752F152}.Release|Any CPU.ActiveCfg = Release|Any CPU
		{DF9A9D55-D051-4657-8ACA-DAB25752F152}.Release|Any CPU.Build.0 = Release|Any CPU
		{9BE48ADD-83C0-4743-BED3-D373A32F3B1C}.Debug|Any CPU.ActiveCfg = Debug|Any CPU
		{9BE48ADD-83C0-4743-BED3-D373A32F3B1C}.Debug|Any CPU.Build.0 = Debug|Any CPU
		{9BE48ADD-83C0-4743-BED3-D373A32F3B1C}.Release|Any CPU.ActiveCfg = Release|Any CPU
		{9BE48ADD-83C0-4743-BED3-D373A32F3B1C}.Release|Any CPU.Build.0 = Release|Any CPU
		{884BA163-DE6B-4C40-8A20-A4D74811BC36}.Debug|Any CPU.ActiveCfg = Debug|Any CPU
		{884BA163-DE6B-4C40-8A20-A4D74811BC36}.Debug|Any CPU.Build.0 = Debug|Any CPU
		{884BA163-DE6B-4C40-8A20-A4D74811BC36}.Release|Any CPU.ActiveCfg = Release|Any CPU
		{884BA163-DE6B-4C40-8A20-A4D74811BC36}.Release|Any CPU.Build.0 = Release|Any CPU
		{D01A2461-AE15-46C4-97E5-E0295829906A}.Debug|Any CPU.ActiveCfg = Debug|Any CPU
		{D01A2461-AE15-46C4-97E5-E0295829906A}.Debug|Any CPU.Build.0 = Debug|Any CPU
		{D01A2461-AE15-46C4-97E5-E0295829906A}.Release|Any CPU.ActiveCfg = Release|Any CPU
		{D01A2461-AE15-46C4-97E5-E0295829906A}.Release|Any CPU.Build.0 = Release|Any CPU
		{FE7D62E9-93DB-43AA-A33A-95D86154E2F8}.Debug|Any CPU.ActiveCfg = Debug|Any CPU
		{FE7D62E9-93DB-43AA-A33A-95D86154E2F8}.Debug|Any CPU.Build.0 = Debug|Any CPU
		{FE7D62E9-93DB-43AA-A33A-95D86154E2F8}.Release|Any CPU.ActiveCfg = Release|Any CPU
		{FE7D62E9-93DB-43AA-A33A-95D86154E2F8}.Release|Any CPU.Build.0 = Release|Any CPU
		{DE24F741-988F-4E9C-AC42-CA0E67A9660A}.Debug|Any CPU.ActiveCfg = Debug|Any CPU
		{DE24F741-988F-4E9C-AC42-CA0E67A9660A}.Debug|Any CPU.Build.0 = Debug|Any CPU
		{DE24F741-988F-4E9C-AC42-CA0E67A9660A}.Release|Any CPU.ActiveCfg = Release|Any CPU
		{DE24F741-988F-4E9C-AC42-CA0E67A9660A}.Release|Any CPU.Build.0 = Release|Any CPU
		{FB0511F9-6BEF-4F1C-94D0-4E6228560C46}.Debug|Any CPU.ActiveCfg = Debug|Any CPU
		{FB0511F9-6BEF-4F1C-94D0-4E6228560C46}.Debug|Any CPU.Build.0 = Debug|Any CPU
		{FB0511F9-6BEF-4F1C-94D0-4E6228560C46}.Release|Any CPU.ActiveCfg = Release|Any CPU
		{FB0511F9-6BEF-4F1C-94D0-4E6228560C46}.Release|Any CPU.Build.0 = Release|Any CPU
	EndGlobalSection
	GlobalSection(SolutionProperties) = preSolution
		HideSolutionNode = FALSE
	EndGlobalSection
	GlobalSection(NestedProjects) = preSolution
		{227C7871-7D2C-4737-8242-A112D736D02B} = {4A9E3AA5-3707-437E-A220-8411B8A63F4F}
		{6BF6DBDD-3359-4B78-A24A-534A2EDE5562} = {4A9E3AA5-3707-437E-A220-8411B8A63F4F}
		{24AA0B0C-4C62-4083-9CE4-4F0562259189} = {4A9E3AA5-3707-437E-A220-8411B8A63F4F}
		{579C11A3-6173-42C0-A39F-6B2761FE8F84} = {4A9E3AA5-3707-437E-A220-8411B8A63F4F}
		{6C6FA165-89B6-41BF-B7DE-95E8552AD4F0} = {A1C8ACE7-07D3-413C-8F41-71DFE0CB0B96}
		{EADD02C1-97D4-469F-8C33-B52F289CB603} = {A1C8ACE7-07D3-413C-8F41-71DFE0CB0B96}
		{0FE9D91D-67C5-4BA3-AFF3-1948708F7ADA} = {A1C8ACE7-07D3-413C-8F41-71DFE0CB0B96}
		{0CC48E41-5A9D-46C9-81AC-313B45F1B4A9} = {0FE9D91D-67C5-4BA3-AFF3-1948708F7ADA}
		{9C07DDC2-C55A-44FB-BDE3-2EB2944D3BCA} = {0FE9D91D-67C5-4BA3-AFF3-1948708F7ADA}
		{BB719759-977C-4ED6-A8E9-40A180DF5A4A} = {4E0FD9D7-D6CC-4A97-A85F-F03917FF9F2E}
		{8461276E-E874-409D-9385-EDDE57D4A582} = {4E0FD9D7-D6CC-4A97-A85F-F03917FF9F2E}
		{08CED64C-634E-4387-8B42-4C0F1739AC1E} = {C59543EF-FDDA-4D7A-AB75-27328D796B58}
		{B7952244-BF4F-4A55-835E-08B17B342DD2} = {0BC6DAB5-AB4F-4BEC-B94A-CC04A2407AC2}
		{2515D194-C6F4-4345-9BF7-7D86255887B2} = {0BC6DAB5-AB4F-4BEC-B94A-CC04A2407AC2}
		{10F69B4E-3FFC-4EDD-82D6-C5E5C208C1B7} = {0BC6DAB5-AB4F-4BEC-B94A-CC04A2407AC2}
		{566DAE41-489F-4518-8832-F66EF6CF054C} = {0BC6DAB5-AB4F-4BEC-B94A-CC04A2407AC2}
		{7515BA27-0223-49B1-B93A-9793E3122A17} = {8A142446-57B3-4F1C-8F17-74E02539D24B}
		{46C4F32F-EAB4-42C5-9BA5-AFD8F644151F} = {0FE9D91D-67C5-4BA3-AFF3-1948708F7ADA}
		{EF38A919-F673-427C-B3D0-6E050CAA1074} = {46C4F32F-EAB4-42C5-9BA5-AFD8F644151F}
		{EE5BA025-360C-4331-98FA-CB07FE1A4A62} = {46C4F32F-EAB4-42C5-9BA5-AFD8F644151F}
		{DF9A9D55-D051-4657-8ACA-DAB25752F152} = {46C4F32F-EAB4-42C5-9BA5-AFD8F644151F}
		{9BE48ADD-83C0-4743-BED3-D373A32F3B1C} = {46C4F32F-EAB4-42C5-9BA5-AFD8F644151F}
		{884BA163-DE6B-4C40-8A20-A4D74811BC36} = {46C4F32F-EAB4-42C5-9BA5-AFD8F644151F}
		{D01A2461-AE15-46C4-97E5-E0295829906A} = {46C4F32F-EAB4-42C5-9BA5-AFD8F644151F}
		{FE7D62E9-93DB-43AA-A33A-95D86154E2F8} = {46C4F32F-EAB4-42C5-9BA5-AFD8F644151F}
		{DE24F741-988F-4E9C-AC42-CA0E67A9660A} = {46C4F32F-EAB4-42C5-9BA5-AFD8F644151F}
		{FB0511F9-6BEF-4F1C-94D0-4E6228560C46} = {46C4F32F-EAB4-42C5-9BA5-AFD8F644151F}
	EndGlobalSection
EndGlobal
